
Microsoft Visual Studio Solution File, Format Version 12.00
# Visual Studio Version 17
VisualStudioVersion = 17.12.35527.113 d17.12
MinimumVisualStudioVersion = 10.0.40219.1
Project("{888888A0-9F3D-457C-B088-3A5042F75D52}") = "Qun-Tool CursorAI Generator", "Qun-Tool CursorAI Generator\Qun-Tool CursorAI Generator.pyproj", "{D9C7CB2B-828A-45F7-A4E9-9AB5321E42DD}"
EndProject
Global
	GlobalSection(SolutionConfigurationPlatforms) = preSolution
		Debug|Any CPU = Debug|Any CPU
		Release|Any CPU = Release|Any CPU
	EndGlobalSection
	GlobalSection(ProjectConfigurationPlatforms) = postSolution
		{D9C7CB2B-828A-45F7-A4E9-9AB5321E42DD}.Debug|Any CPU.ActiveCfg = Debug|Any CPU
		{D9C7CB2B-828A-45F7-A4E9-9AB5321E42DD}.Release|Any CPU.ActiveCfg = Release|Any CPU
	EndGlobalSection
	GlobalSection(SolutionProperties) = preSolution
		HideSolutionNode = FALSE
	EndGlobalSection
EndGlobal
